// !$*UTF8*$!
{
	archiveVersion = 1;
	classes = {
	};
	objectVersion = 46;
	objects = {

/* Begin PBXBuildFile section */
		FC4F85E91A483872005A8CFF /* main.m in Sources */ = {isa = PBXBuildFile; fileRef = FC4F85E81A483872005A8CFF /* main.m */; };
		FC4F85F11A4838E8005A8CFF /* NSString+BNRVowelCounting.m in Sources */ = {isa = PBXBuildFile; fileRef = FC4F85F01A4838E8005A8CFF /* NSString+BNRVowelCounting.m */; };
/* End PBXBuildFile section */

/* Begin PBXCopyFilesBuildPhase section */
		FC4F85E31A483872005A8CFF /* CopyFiles */ = {
			isa = PBXCopyFilesBuildPhase;
			buildActionMask = 2147483647;
			dstPath = /usr/share/man/man1/;
			dstSubfolderSpec = 0;
			files = (
			);
			runOnlyForDeploymentPostprocessing = 1;
		};
/* End PBXCopyFilesBuildPhase section */

/* Begin PBXFileReference section */
		FC4F85E51A483872005A8CFF /* VowelCounter */ = {isa = PBXFileReference; explicitFileType = "compiled.mach-o.executable"; includeInIndex = 0; path = VowelCounter; sourceTree = BUILT_PRODUCTS_DIR; };
		FC4F85E81A483872005A8CFF /* main.m */ = {isa = PBXFileReference; lastKnownFileType = sourcecode.c.objc; path = main.m; sourceTree = "<group>"; };
		FC4F85EF1A4838E8005A8CFF /* NSString+BNRVowelCounting.h */ = {isa = PBXFileReference; fileEncoding = 4; lastKnownFileType = sourcecode.c.h; path = "NSString+BNRVowelCounting.h"; sourceTree = "<group>"; };
		FC4F85F01A4838E8005A8CFF /* NSString+BNRVowelCounting.m */ = {isa = PBXFileReference; fileEncoding = 4; lastKnownFileType = sourcecode.c.objc; path = "NSString+BNRVowelCounting.m"; sourceTree = "<group>"; };
/* End PBXFileReference section */

/* Begin PBXFrameworksBuildPhase section */
		FC4F85E21A483872005A8CFF /* Frameworks */ = {
			isa = PBXFrameworksBuildPhase;
			buildActionMask = 2147483647;
			files = (
			);
			runOnlyForDeploymentPostprocessing = 0;
		};
/* End PBXFrameworksBuildPhase section */

/* Begin PBXGroup section */
		FC4F85DC1A483872005A8CFF = {
			isa = PBXGroup;
			children = (
				FC4F85EF1A4838E8005A8CFF /* NSString+BNRVowelCounting.h */,
				FC4F85F01A4838E8005A8CFF /* NSString+BNRVowelCounting.m */,
				FC4F85E71A483872005A8CFF /* VowelCounter */,
				FC4F85E61A483872005A8CFF /* Products */,
			);
			sourceTree = "<group>";
		};
		FC4F85E61A483872005A8CFF /* Products */ = {
			isa = PBXGroup;
			children = (
				FC4F85E51A483872005A8CFF /* VowelCounter */,
			);
			name = Products;
			sourceTree = "<group>";
		};
		FC4F85E71A483872005A8CFF /* VowelCounter */ = {
			isa = PBXGroup;
			children = (
				FC4F85E81A483872005A8CFF /* main.m */,
			);
			path = VowelCounter;
			sourceTree = "<group>";
		};
/* End PBXGroup section */

/* Begin PBXNativeTarget section */
		FC4F85E41A483872005A8CFF /* VowelCounter */ = {
			isa = PBXNativeTarget;
			buildConfigurationList = FC4F85EC1A483872005A8CFF /* Build configuration list for PBXNativeTarget "VowelCounter" */;
			buildPhases = (
				FC4F85E11A483872005A8CFF /* Sources */,
				FC4F85E21A483872005A8CFF /* Frameworks */,
				FC4F85E31A483872005A8CFF /* CopyFiles */,
			);
			buildRules = (
			);
			dependencies = (
			);
			name = VowelCounter;
			productName = VowelCounter;
			productReference = FC4F85E51A483872005A8CFF /* VowelCounter */;
			productType = "com.apple.product-type.tool";
		};
/* End PBXNativeTarget section */

/* Begin PBXProject section */
		FC4F85DD1A483872005A8CFF /* Project object */ = {
			isa = PBXProject;
			attributes = {
				LastUpgradeCheck = 0610;
				ORGANIZATIONNAME = edwardtoday;
				TargetAttributes = {
					FC4F85E41A483872005A8CFF = {
						CreatedOnToolsVersion = 6.1.1;
					};
				};
			};
			buildConfigurationList = FC4F85E01A483872005A8CFF /* Build configuration list for PBXProject "VowelCounter" */;
			compatibilityVersion = "Xcode 3.2";
			developmentRegion = English;
			hasScannedForEncodings = 0;
			knownRegions = (
				en,
			);
			mainGroup = FC4F85DC1A483872005A8CFF;
			productRefGroup = FC4F85E61A483872005A8CFF /* Products */;
			projectDirPath = "";
			projectRoot = "";
			targets = (
				FC4F85E41A483872005A8CFF /* VowelCounter */,
			);
		};
/* End PBXProject section */

/* Begin PBXSourcesBuildPhase section */
		FC4F85E11A483872005A8CFF /* Sources */ = {
			isa = PBXSourcesBuildPhase;
			buildActionMask = 2147483647;
			files = (
				FC4F85E91A483872005A8CFF /* main.m in Sources */,
				FC4F85F11A4838E8005A8CFF /* NSString+BNRVowelCounting.m in Sources */,
			);
			runOnlyForDeploymentPostprocessing = 0;
		};
/* End PBXSourcesBuildPhase section */

/* Begin XCBuildConfiguration section */
		FC4F85EA1A483872005A8CFF /* Debug */ = {
			isa = XCBuildConfiguration;
			buildSettings = {
				ALWAYS_SEARCH_USER_PATHS = NO;
				CLANG_CXX_LANGUAGE_STANDARD = "gnu++0x";
				CLANG_CXX_LIBRARY = "libc++";
				CLANG_ENABLE_MODULES = YES;
				CLANG_ENABLE_OBJC_ARC = YES;
				CLANG_WARN_BOOL_CONVERSION = YES;
				CLANG_WARN_CONSTANT_CONVERSION = YES;
				CLANG_WARN_DIRECT_OBJC_ISA_USAGE = YES_ERROR;
				CLANG_WARN_EMPTY_BODY = YES;
				CLANG_WARN_ENUM_CONVERSION = YES;
				CLANG_WARN_INT_CONVERSION = YES;
				CLANG_WARN_OBJC_ROOT_CLASS = YES_ERROR;
				CLANG_WARN_UNREACHABLE_CODE = YES;
				CLANG_WARN__DUPLICATE_METHOD_MATCH = YES;
				COPY_PHASE_STRIP = NO;
				ENABLE_STRICT_OBJC_MSGSEND = YES;
				GCC_C_LANGUAGE_STANDARD = gnu99;
				GCC_DYNAMIC_NO_PIC = NO;
				GCC_OPTIMIZATION_LEVEL = 0;
				GCC_PREPROCESSOR_DEFINITIONS = (
					"DEBUG=1",
					"$(inherited)",
				);
				GCC_SYMBOLS_PRIVATE_EXTERN = NO;
				GCC_WARN_64_TO_32_BIT_CONVERSION = YES;
				GCC_WARN_ABOUT_RETURN_TYPE = YES_ERROR;
				GCC_WARN_UNDECLARED_SELECTOR = YES;
				GCC_WARN_UNINITIALIZED_AUTOS = YES_AGGRESSIVE;
				GCC_WARN_UNUSED_FUNCTION = YES;
				GCC_WARN_UNUSED_VARIABLE = YES;
				MACOSX_DEPLOYMENT_TARGET = 10.10;
				MTL_ENABLE_DEBUG_INFO = YES;
				ONLY_ACTIVE_ARCH = YES;
				SDKROOT = macosx;
			};
			name = Debug;
		};
		FC4F85EB1A483872005A8CFF /* Release */ = {
			isa = XCBuildConfiguration;
			buildSettings = {
				ALWAYS_SEARCH_USER_PATHS = NO;
				CLANG_CXX_LANGUAGE_STANDARD = "gnu++0x";
				CLANG_CXX_LIBRARY = "libc++";
				CLANG_ENABLE_MODULES = YES;
				CLANG_ENABLE_OBJC_ARC = YES;
				CLANG_WARN_BOOL_CONVERSION = YES;
				CLANG_WARN_CONSTANT_CONVERSION = YES;
				CLANG_WARN_DIRECT_OBJC_ISA_USAGE = YES_ERROR;
				CLANG_WARN_EMPTY_BODY = YES;
				CLANG_WARN_ENUM_CONVERSION = YES;
				CLANG_WARN_INT_CONVERSION = YES;
				CLANG_WARN_OBJC_ROOT_CLASS = YES_ERROR;
				CLANG_WARN_UNREACHABLE_CODE = YES;
				CLANG_WARN__DUPLICATE_METHOD_MATCH = YES;
				COPY_PHASE_STRIP = YES;
				DEBUG_INFORMATION_FORMAT = "dwarf-with-dsym";
				ENABLE_NS_ASSERTIONS = NO;
				ENABLE_STRICT_OBJC_MSGSEND = YES;
				GCC_C_LANGUAGE_STANDARD = gnu99;
				GCC_WARN_64_TO_32_BIT_CONVERSION = YES;
				GCC_WARN_ABOUT_RETURN_TYPE = YES_ERROR;
				GCC_WARN_UNDECLARED_SELECTOR = YES;
				GCC_WARN_UNINITIALIZED_AUTOS = YES_AGGRESSIVE;
				GCC_WARN_UNUSED_FUNCTION = YES;
				GCC_WARN_UNUSED_VARIABLE = YES;
				MACOSX_DEPLOYMENT_TARGET = 10.10;
				MTL_ENABLE_DEBUG_INFO = NO;
				SDKROOT = macosx;
			};
			name = Release;
		};
		FC4F85ED1A483872005A8CFF /* Debug */ = {
			isa = XCBuildConfiguration;
			buildSettings = {
				PRODUCT_NAME = "$(TARGET_NAME)";
			};
			name = Debug;
		};
		FC4F85EE1A483872005A8CFF /* Release */ = {
			isa = XCBuildConfiguration;
			buildSettings = {
				PRODUCT_NAME = "$(TARGET_NAME)";
			};
			name = Release;
		};
/* End XCBuildConfiguration section */

/* Begin XCConfigurationList section */
		FC4F85E01A483872005A8CFF /* Build configuration list for PBXProject "VowelCounter" */ = {
			isa = XCConfigurationList;
			buildConfigurations = (
				FC4F85EA1A483872005A8CFF /* Debug */,
				FC4F85EB1A483872005A8CFF /* Release */,
			);
			defaultConfigurationIsVisible = 0;
			defaultConfigurationName = Release;
		};
		FC4F85EC1A483872005A8CFF /* Build configuration list for PBXNativeTarget "VowelCounter" */ = {
			isa = XCConfigurationList;
			buildConfigurations = (
				FC4F85ED1A483872005A8CFF /* Debug */,
				FC4F85EE1A483872005A8CFF /* Release */,
			);
			defaultConfigurationIsVisible = 0;
		};
/* End XCConfigurationList section */
	};
	rootObject = FC4F85DD1A483872005A8CFF /* Project object */;
}
