// !$*UTF8*$!
{
	archiveVersion = 1;
	classes = {
	};
	objectVersion = 46;
	objects = {

/* Begin PBXBuildFile section */
		FCBF79601A48EC6B00AF6650 /* main.c in Sources */ = {isa = PBXBuildFile; fileRef = FCBF795F1A48EC6B00AF6650 /* main.c */; };
/* End PBXBuildFile section */

/* Begin PBXCopyFilesBuildPhase section */
		FCBF795A1A48EC6B00AF6650 /* CopyFiles */ = {
			isa = PBXCopyFilesBuildPhase;
			buildActionMask = 2147483647;
			dstPath = /usr/share/man/man1/;
			dstSubfolderSpec = 0;
			files = (
			);
			runOnlyForDeploymentPostprocessing = 1;
		};
/* End PBXCopyFilesBuildPhase section */

/* Begin PBXFileReference section */
		FCBF795C1A48EC6B00AF6650 /* SpaceCount */ = {isa = PBXFileReference; explicitFileType = "compiled.mach-o.executable"; includeInIndex = 0; path = SpaceCount; sourceTree = BUILT_PRODUCTS_DIR; };
		FCBF795F1A48EC6B00AF6650 /* main.c */ = {isa = PBXFileReference; lastKnownFileType = sourcecode.c.c; path = main.c; sourceTree = "<group>"; };
/* End PBXFileReference section */

/* Begin PBXFrameworksBuildPhase section */
		FCBF79591A48EC6B00AF6650 /* Frameworks */ = {
			isa = PBXFrameworksBuildPhase;
			buildActionMask = 2147483647;
			files = (
			);
			runOnlyForDeploymentPostprocessing = 0;
		};
/* End PBXFrameworksBuildPhase section */

/* Begin PBXGroup section */
		FCBF79531A48EC6B00AF6650 = {
			isa = PBXGroup;
			children = (
				FCBF795E1A48EC6B00AF6650 /* SpaceCount */,
				FCBF795D1A48EC6B00AF6650 /* Products */,
			);
			sourceTree = "<group>";
		};
		FCBF795D1A48EC6B00AF6650 /* Products */ = {
			isa = PBXGroup;
			children = (
				FCBF795C1A48EC6B00AF6650 /* SpaceCount */,
			);
			name = Products;
			sourceTree = "<group>";
		};
		FCBF795E1A48EC6B00AF6650 /* SpaceCount */ = {
			isa = PBXGroup;
			children = (
				FCBF795F1A48EC6B00AF6650 /* main.c */,
			);
			path = SpaceCount;
			sourceTree = "<group>";
		};
/* End PBXGroup section */

/* Begin PBXNativeTarget section */
		FCBF795B1A48EC6B00AF6650 /* SpaceCount */ = {
			isa = PBXNativeTarget;
			buildConfigurationList = FCBF79631A48EC6B00AF6650 /* Build configuration list for PBXNativeTarget "SpaceCount" */;
			buildPhases = (
				FCBF79581A48EC6B00AF6650 /* Sources */,
				FCBF79591A48EC6B00AF6650 /* Frameworks */,
				FCBF795A1A48EC6B00AF6650 /* CopyFiles */,
			);
			buildRules = (
			);
			dependencies = (
			);
			name = SpaceCount;
			productName = SpaceCount;
			productReference = FCBF795C1A48EC6B00AF6650 /* SpaceCount */;
			productType = "com.apple.product-type.tool";
		};
/* End PBXNativeTarget section */

/* Begin PBXProject section */
		FCBF79541A48EC6B00AF6650 /* Project object */ = {
			isa = PBXProject;
			attributes = {
				LastUpgradeCheck = 0610;
				ORGANIZATIONNAME = edwardtoday;
				TargetAttributes = {
					FCBF795B1A48EC6B00AF6650 = {
						CreatedOnToolsVersion = 6.1.1;
					};
				};
			};
			buildConfigurationList = FCBF79571A48EC6B00AF6650 /* Build configuration list for PBXProject "SpaceCount" */;
			compatibilityVersion = "Xcode 3.2";
			developmentRegion = English;
			hasScannedForEncodings = 0;
			knownRegions = (
				en,
			);
			mainGroup = FCBF79531A48EC6B00AF6650;
			productRefGroup = FCBF795D1A48EC6B00AF6650 /* Products */;
			projectDirPath = "";
			projectRoot = "";
			targets = (
				FCBF795B1A48EC6B00AF6650 /* SpaceCount */,
			);
		};
/* End PBXProject section */

/* Begin PBXSourcesBuildPhase section */
		FCBF79581A48EC6B00AF6650 /* Sources */ = {
			isa = PBXSourcesBuildPhase;
			buildActionMask = 2147483647;
			files = (
				FCBF79601A48EC6B00AF6650 /* main.c in Sources */,
			);
			runOnlyForDeploymentPostprocessing = 0;
		};
/* End PBXSourcesBuildPhase section */

/* Begin XCBuildConfiguration section */
		FCBF79611A48EC6B00AF6650 /* Debug */ = {
			isa = XCBuildConfiguration;
			buildSettings = {
				ALWAYS_SEARCH_USER_PATHS = NO;
				CLANG_CXX_LANGUAGE_STANDARD = "gnu++0x";
				CLANG_CXX_LIBRARY = "libc++";
				CLANG_ENABLE_MODULES = YES;
				CLANG_ENABLE_OBJC_ARC = YES;
				CLANG_WARN_BOOL_CONVERSION = YES;
				CLANG_WARN_CONSTANT_CONVERSION = YES;
				CLANG_WARN_DIRECT_OBJC_ISA_USAGE = YES_ERROR;
				CLANG_WARN_EMPTY_BODY = YES;
				CLANG_WARN_ENUM_CONVERSION = YES;
				CLANG_WARN_INT_CONVERSION = YES;
				CLANG_WARN_OBJC_ROOT_CLASS = YES_ERROR;
				CLANG_WARN_UNREACHABLE_CODE = YES;
				CLANG_WARN__DUPLICATE_METHOD_MATCH = YES;
				COPY_PHASE_STRIP = NO;
				ENABLE_STRICT_OBJC_MSGSEND = YES;
				GCC_C_LANGUAGE_STANDARD = gnu99;
				GCC_DYNAMIC_NO_PIC = NO;
				GCC_OPTIMIZATION_LEVEL = 0;
				GCC_PREPROCESSOR_DEFINITIONS = (
					"DEBUG=1",
					"$(inherited)",
				);
				GCC_SYMBOLS_PRIVATE_EXTERN = NO;
				GCC_WARN_64_TO_32_BIT_CONVERSION = YES;
				GCC_WARN_ABOUT_RETURN_TYPE = YES_ERROR;
				GCC_WARN_UNDECLARED_SELECTOR = YES;
				GCC_WARN_UNINITIALIZED_AUTOS = YES_AGGRESSIVE;
				GCC_WARN_UNUSED_FUNCTION = YES;
				GCC_WARN_UNUSED_VARIABLE = YES;
				MACOSX_DEPLOYMENT_TARGET = 10.10;
				MTL_ENABLE_DEBUG_INFO = YES;
				ONLY_ACTIVE_ARCH = YES;
				SDKROOT = macosx;
			};
			name = Debug;
		};
		FCBF79621A48EC6B00AF6650 /* Release */ = {
			isa = XCBuildConfiguration;
			buildSettings = {
				ALWAYS_SEARCH_USER_PATHS = NO;
				CLANG_CXX_LANGUAGE_STANDARD = "gnu++0x";
				CLANG_CXX_LIBRARY = "libc++";
				CLANG_ENABLE_MODULES = YES;
				CLANG_ENABLE_OBJC_ARC = YES;
				CLANG_WARN_BOOL_CONVERSION = YES;
				CLANG_WARN_CONSTANT_CONVERSION = YES;
				CLANG_WARN_DIRECT_OBJC_ISA_USAGE = YES_ERROR;
				CLANG_WARN_EMPTY_BODY = YES;
				CLANG_WARN_ENUM_CONVERSION = YES;
				CLANG_WARN_INT_CONVERSION = YES;
				CLANG_WARN_OBJC_ROOT_CLASS = YES_ERROR;
				CLANG_WARN_UNREACHABLE_CODE = YES;
				CLANG_WARN__DUPLICATE_METHOD_MATCH = YES;
				COPY_PHASE_STRIP = YES;
				DEBUG_INFORMATION_FORMAT = "dwarf-with-dsym";
				ENABLE_NS_ASSERTIONS = NO;
				ENABLE_STRICT_OBJC_MSGSEND = YES;
				GCC_C_LANGUAGE_STANDARD = gnu99;
				GCC_WARN_64_TO_32_BIT_CONVERSION = YES;
				GCC_WARN_ABOUT_RETURN_TYPE = YES_ERROR;
				GCC_WARN_UNDECLARED_SELECTOR = YES;
				GCC_WARN_UNINITIALIZED_AUTOS = YES_AGGRESSIVE;
				GCC_WARN_UNUSED_FUNCTION = YES;
				GCC_WARN_UNUSED_VARIABLE = YES;
				MACOSX_DEPLOYMENT_TARGET = 10.10;
				MTL_ENABLE_DEBUG_INFO = NO;
				SDKROOT = macosx;
			};
			name = Release;
		};
		FCBF79641A48EC6B00AF6650 /* Debug */ = {
			isa = XCBuildConfiguration;
			buildSettings = {
				PRODUCT_NAME = "$(TARGET_NAME)";
			};
			name = Debug;
		};
		FCBF79651A48EC6B00AF6650 /* Release */ = {
			isa = XCBuildConfiguration;
			buildSettings = {
				PRODUCT_NAME = "$(TARGET_NAME)";
			};
			name = Release;
		};
/* End XCBuildConfiguration section */

/* Begin XCConfigurationList section */
		FCBF79571A48EC6B00AF6650 /* Build configuration list for PBXProject "SpaceCount" */ = {
			isa = XCConfigurationList;
			buildConfigurations = (
				FCBF79611A48EC6B00AF6650 /* Debug */,
				FCBF79621A48EC6B00AF6650 /* Release */,
			);
			defaultConfigurationIsVisible = 0;
			defaultConfigurationName = Release;
		};
		FCBF79631A48EC6B00AF6650 /* Build configuration list for PBXNativeTarget "SpaceCount" */ = {
			isa = XCConfigurationList;
			buildConfigurations = (
				FCBF79641A48EC6B00AF6650 /* Debug */,
				FCBF79651A48EC6B00AF6650 /* Release */,
			);
			defaultConfigurationIsVisible = 0;
		};
/* End XCConfigurationList section */
	};
	rootObject = FCBF79541A48EC6B00AF6650 /* Project object */;
}
