// !$*UTF8*$!
{
	archiveVersion = 1;
	classes = {
	};
	objectVersion = 46;
	objects = {

/* Begin PBXBuildFile section */
		FC5DBEAB1A42BE9D0033000D /* main.m in Sources */ = {isa = PBXBuildFile; fileRef = FC5DBEAA1A42BE9D0033000D /* main.m */; };
		FC5DBEB31A42BEE90033000D /* BNRPerson.m in Sources */ = {isa = PBXBuildFile; fileRef = FC5DBEB21A42BEE90033000D /* BNRPerson.m */; };
		FC5DBECC1A43AAE60033000D /* BNREmployee.m in Sources */ = {isa = PBXBuildFile; fileRef = FC5DBECB1A43AAE60033000D /* BNREmployee.m */; };
		FC5DBED21A43EAFE0033000D /* BNRAsset.m in Sources */ = {isa = PBXBuildFile; fileRef = FC5DBED11A43EAFE0033000D /* BNRAsset.m */; };
/* End PBXBuildFile section */

/* Begin PBXCopyFilesBuildPhase section */
		FC5DBEA51A42BE9D0033000D /* CopyFiles */ = {
			isa = PBXCopyFilesBuildPhase;
			buildActionMask = 2147483647;
			dstPath = /usr/share/man/man1/;
			dstSubfolderSpec = 0;
			files = (
			);
			runOnlyForDeploymentPostprocessing = 1;
		};
/* End PBXCopyFilesBuildPhase section */

/* Begin PBXFileReference section */
		FC5DBEA71A42BE9D0033000D /* BMITime */ = {isa = PBXFileReference; explicitFileType = "compiled.mach-o.executable"; includeInIndex = 0; path = BMITime; sourceTree = BUILT_PRODUCTS_DIR; };
		FC5DBEAA1A42BE9D0033000D /* main.m */ = {isa = PBXFileReference; lastKnownFileType = sourcecode.c.objc; path = main.m; sourceTree = "<group>"; };
		FC5DBEB11A42BEE90033000D /* BNRPerson.h */ = {isa = PBXFileReference; fileEncoding = 4; lastKnownFileType = sourcecode.c.h; path = BNRPerson.h; sourceTree = "<group>"; };
		FC5DBEB21A42BEE90033000D /* BNRPerson.m */ = {isa = PBXFileReference; fileEncoding = 4; lastKnownFileType = sourcecode.c.objc; path = BNRPerson.m; sourceTree = "<group>"; };
		FC5DBECA1A43AAE60033000D /* BNREmployee.h */ = {isa = PBXFileReference; fileEncoding = 4; lastKnownFileType = sourcecode.c.h; path = BNREmployee.h; sourceTree = "<group>"; };
		FC5DBECB1A43AAE60033000D /* BNREmployee.m */ = {isa = PBXFileReference; fileEncoding = 4; lastKnownFileType = sourcecode.c.objc; path = BNREmployee.m; sourceTree = "<group>"; };
		FC5DBED01A43EAFE0033000D /* BNRAsset.h */ = {isa = PBXFileReference; fileEncoding = 4; lastKnownFileType = sourcecode.c.h; path = BNRAsset.h; sourceTree = "<group>"; };
		FC5DBED11A43EAFE0033000D /* BNRAsset.m */ = {isa = PBXFileReference; fileEncoding = 4; lastKnownFileType = sourcecode.c.objc; path = BNRAsset.m; sourceTree = "<group>"; };
/* End PBXFileReference section */

/* Begin PBXFrameworksBuildPhase section */
		FC5DBEA41A42BE9D0033000D /* Frameworks */ = {
			isa = PBXFrameworksBuildPhase;
			buildActionMask = 2147483647;
			files = (
			);
			runOnlyForDeploymentPostprocessing = 0;
		};
/* End PBXFrameworksBuildPhase section */

/* Begin PBXGroup section */
		FC5DBE9E1A42BE9D0033000D = {
			isa = PBXGroup;
			children = (
				FC5DBEA91A42BE9D0033000D /* BMITime */,
				FC5DBEA81A42BE9D0033000D /* Products */,
			);
			sourceTree = "<group>";
		};
		FC5DBEA81A42BE9D0033000D /* Products */ = {
			isa = PBXGroup;
			children = (
				FC5DBEA71A42BE9D0033000D /* BMITime */,
			);
			name = Products;
			sourceTree = "<group>";
		};
		FC5DBEA91A42BE9D0033000D /* BMITime */ = {
			isa = PBXGroup;
			children = (
				FC5DBED01A43EAFE0033000D /* BNRAsset.h */,
				FC5DBED11A43EAFE0033000D /* BNRAsset.m */,
				FC5DBECA1A43AAE60033000D /* BNREmployee.h */,
				FC5DBECB1A43AAE60033000D /* BNREmployee.m */,
				FC5DBEB11A42BEE90033000D /* BNRPerson.h */,
				FC5DBEB21A42BEE90033000D /* BNRPerson.m */,
				FC5DBEAA1A42BE9D0033000D /* main.m */,
			);
			path = BMITime;
			sourceTree = "<group>";
		};
/* End PBXGroup section */

/* Begin PBXNativeTarget section */
		FC5DBEA61A42BE9D0033000D /* BMITime */ = {
			isa = PBXNativeTarget;
			buildConfigurationList = FC5DBEAE1A42BE9D0033000D /* Build configuration list for PBXNativeTarget "BMITime" */;
			buildPhases = (
				FC5DBEA31A42BE9D0033000D /* Sources */,
				FC5DBEA41A42BE9D0033000D /* Frameworks */,
				FC5DBEA51A42BE9D0033000D /* CopyFiles */,
			);
			buildRules = (
			);
			dependencies = (
			);
			name = BMITime;
			productName = BMITime;
			productReference = FC5DBEA71A42BE9D0033000D /* BMITime */;
			productType = "com.apple.product-type.tool";
		};
/* End PBXNativeTarget section */

/* Begin PBXProject section */
		FC5DBE9F1A42BE9D0033000D /* Project object */ = {
			isa = PBXProject;
			attributes = {
				LastUpgradeCheck = 0610;
				ORGANIZATIONNAME = edwardtoday;
				TargetAttributes = {
					FC5DBEA61A42BE9D0033000D = {
						CreatedOnToolsVersion = 6.1.1;
					};
				};
			};
			buildConfigurationList = FC5DBEA21A42BE9D0033000D /* Build configuration list for PBXProject "BMITime" */;
			compatibilityVersion = "Xcode 3.2";
			developmentRegion = English;
			hasScannedForEncodings = 0;
			knownRegions = (
				en,
			);
			mainGroup = FC5DBE9E1A42BE9D0033000D;
			productRefGroup = FC5DBEA81A42BE9D0033000D /* Products */;
			projectDirPath = "";
			projectRoot = "";
			targets = (
				FC5DBEA61A42BE9D0033000D /* BMITime */,
			);
		};
/* End PBXProject section */

/* Begin PBXSourcesBuildPhase section */
		FC5DBEA31A42BE9D0033000D /* Sources */ = {
			isa = PBXSourcesBuildPhase;
			buildActionMask = 2147483647;
			files = (
				FC5DBECC1A43AAE60033000D /* BNREmployee.m in Sources */,
				FC5DBEAB1A42BE9D0033000D /* main.m in Sources */,
				FC5DBEB31A42BEE90033000D /* BNRPerson.m in Sources */,
				FC5DBED21A43EAFE0033000D /* BNRAsset.m in Sources */,
			);
			runOnlyForDeploymentPostprocessing = 0;
		};
/* End PBXSourcesBuildPhase section */

/* Begin XCBuildConfiguration section */
		FC5DBEAC1A42BE9D0033000D /* Debug */ = {
			isa = XCBuildConfiguration;
			buildSettings = {
				ALWAYS_SEARCH_USER_PATHS = NO;
				CLANG_CXX_LANGUAGE_STANDARD = "gnu++0x";
				CLANG_CXX_LIBRARY = "libc++";
				CLANG_ENABLE_MODULES = YES;
				CLANG_ENABLE_OBJC_ARC = YES;
				CLANG_WARN_BOOL_CONVERSION = YES;
				CLANG_WARN_CONSTANT_CONVERSION = YES;
				CLANG_WARN_DIRECT_OBJC_ISA_USAGE = YES_ERROR;
				CLANG_WARN_EMPTY_BODY = YES;
				CLANG_WARN_ENUM_CONVERSION = YES;
				CLANG_WARN_INT_CONVERSION = YES;
				CLANG_WARN_OBJC_ROOT_CLASS = YES_ERROR;
				CLANG_WARN_UNREACHABLE_CODE = YES;
				CLANG_WARN__DUPLICATE_METHOD_MATCH = YES;
				COPY_PHASE_STRIP = NO;
				ENABLE_STRICT_OBJC_MSGSEND = YES;
				GCC_C_LANGUAGE_STANDARD = gnu99;
				GCC_DYNAMIC_NO_PIC = NO;
				GCC_OPTIMIZATION_LEVEL = 0;
				GCC_PREPROCESSOR_DEFINITIONS = (
					"DEBUG=1",
					"$(inherited)",
				);
				GCC_SYMBOLS_PRIVATE_EXTERN = NO;
				GCC_WARN_64_TO_32_BIT_CONVERSION = YES;
				GCC_WARN_ABOUT_RETURN_TYPE = YES_ERROR;
				GCC_WARN_UNDECLARED_SELECTOR = YES;
				GCC_WARN_UNINITIALIZED_AUTOS = YES_AGGRESSIVE;
				GCC_WARN_UNUSED_FUNCTION = YES;
				GCC_WARN_UNUSED_VARIABLE = YES;
				MACOSX_DEPLOYMENT_TARGET = 10.10;
				MTL_ENABLE_DEBUG_INFO = YES;
				ONLY_ACTIVE_ARCH = YES;
				SDKROOT = macosx;
			};
			name = Debug;
		};
		FC5DBEAD1A42BE9D0033000D /* Release */ = {
			isa = XCBuildConfiguration;
			buildSettings = {
				ALWAYS_SEARCH_USER_PATHS = NO;
				CLANG_CXX_LANGUAGE_STANDARD = "gnu++0x";
				CLANG_CXX_LIBRARY = "libc++";
				CLANG_ENABLE_MODULES = YES;
				CLANG_ENABLE_OBJC_ARC = YES;
				CLANG_WARN_BOOL_CONVERSION = YES;
				CLANG_WARN_CONSTANT_CONVERSION = YES;
				CLANG_WARN_DIRECT_OBJC_ISA_USAGE = YES_ERROR;
				CLANG_WARN_EMPTY_BODY = YES;
				CLANG_WARN_ENUM_CONVERSION = YES;
				CLANG_WARN_INT_CONVERSION = YES;
				CLANG_WARN_OBJC_ROOT_CLASS = YES_ERROR;
				CLANG_WARN_UNREACHABLE_CODE = YES;
				CLANG_WARN__DUPLICATE_METHOD_MATCH = YES;
				COPY_PHASE_STRIP = YES;
				DEBUG_INFORMATION_FORMAT = "dwarf-with-dsym";
				ENABLE_NS_ASSERTIONS = NO;
				ENABLE_STRICT_OBJC_MSGSEND = YES;
				GCC_C_LANGUAGE_STANDARD = gnu99;
				GCC_WARN_64_TO_32_BIT_CONVERSION = YES;
				GCC_WARN_ABOUT_RETURN_TYPE = YES_ERROR;
				GCC_WARN_UNDECLARED_SELECTOR = YES;
				GCC_WARN_UNINITIALIZED_AUTOS = YES_AGGRESSIVE;
				GCC_WARN_UNUSED_FUNCTION = YES;
				GCC_WARN_UNUSED_VARIABLE = YES;
				MACOSX_DEPLOYMENT_TARGET = 10.10;
				MTL_ENABLE_DEBUG_INFO = NO;
				SDKROOT = macosx;
			};
			name = Release;
		};
		FC5DBEAF1A42BE9D0033000D /* Debug */ = {
			isa = XCBuildConfiguration;
			buildSettings = {
				PRODUCT_NAME = "$(TARGET_NAME)";
			};
			name = Debug;
		};
		FC5DBEB01A42BE9D0033000D /* Release */ = {
			isa = XCBuildConfiguration;
			buildSettings = {
				PRODUCT_NAME = "$(TARGET_NAME)";
			};
			name = Release;
		};
/* End XCBuildConfiguration section */

/* Begin XCConfigurationList section */
		FC5DBEA21A42BE9D0033000D /* Build configuration list for PBXProject "BMITime" */ = {
			isa = XCConfigurationList;
			buildConfigurations = (
				FC5DBEAC1A42BE9D0033000D /* Debug */,
				FC5DBEAD1A42BE9D0033000D /* Release */,
			);
			defaultConfigurationIsVisible = 0;
			defaultConfigurationName = Release;
		};
		FC5DBEAE1A42BE9D0033000D /* Build configuration list for PBXNativeTarget "BMITime" */ = {
			isa = XCConfigurationList;
			buildConfigurations = (
				FC5DBEAF1A42BE9D0033000D /* Debug */,
				FC5DBEB01A42BE9D0033000D /* Release */,
			);
			defaultConfigurationIsVisible = 0;
			defaultConfigurationName = Release;
		};
/* End XCConfigurationList section */
	};
	rootObject = FC5DBE9F1A42BE9D0033000D /* Project object */;
}
